
Microsoft Visual Studio Solution File, Format Version 12.00
# Visual Studio Version 16
VisualStudioVersion = 25.0.1706.7
MinimumVisualStudioVersion = 10.0.40219.1
Project("{FAE04EC0-301F-11D3-BF4B-00C04F79EFBC}") = "TestDotnet", "TestDotnet\TestDotnet.csproj", "{7B2DD181-0555-45C3-BF8D-7656CCF2E88C}"
EndProject
Global
	GlobalSection(SolutionConfigurationPlatforms) = preSolution
		Debug|Any CPU = Debug|Any CPU
		Release|Any CPU = Release|Any CPU
	EndGlobalSection
	GlobalSection(ProjectConfigurationPlatforms) = postSolution
		{7B2DD181-0555-45C3-BF8D-7656CCF2E88C}.Debug|Any CPU.ActiveCfg = Debug|Any CPU
		{7B2DD181-0555-45C3-BF8D-7656CCF2E88C}.Debug|Any CPU.Build.0 = Debug|Any CPU
		{7B2DD181-0555-45C3-BF8D-7656CCF2E88C}.Release|Any CPU.ActiveCfg = Release|Any CPU
		{7B2DD181-0555-45C3-BF8D-7656CCF2E88C}.Release|Any CPU.Build.0 = Release|Any CPU
	EndGlobalSection
	GlobalSection(SolutionProperties) = preSolution
		HideSolutionNode = FALSE
	EndGlobalSection
	GlobalSection(ExtensibilityGlobals) = postSolution
		SolutionGuid = {C519B242-8D16-445B-A147-6C4B6587D281}
	EndGlobalSection
EndGlobal
